
Microsoft Visual Studio Solution File, Format Version 12.00
# Visual Studio Version 17
VisualStudioVersion = 17.4.33122.133
MinimumVisualStudioVersion = 10.0.40219.1
Project("{FAE04EC0-301F-11D3-BF4B-00C04F79EFBC}") = "Etel", "Etel\Etel.csproj", "{A4ACE4DA-8447-48AE-96E7-C375AB4098FC}"
EndProject
Global
	GlobalSection(SolutionConfigurationPlatforms) = preSolution
		Debug|Any CPU = Debug|Any CPU
		Release|Any CPU = Release|Any CPU
	EndGlobalSection
	GlobalSection(ProjectConfigurationPlatforms) = postSolution
		{A4ACE4DA-8447-48AE-96E7-C375AB4098FC}.Debug|Any CPU.ActiveCfg = Debug|Any CPU
		{A4ACE4DA-8447-48AE-96E7-C375AB4098FC}.Debug|Any CPU.Build.0 = Debug|Any CPU
		{A4ACE4DA-8447-48AE-96E7-C375AB4098FC}.Release|Any CPU.ActiveCfg = Release|Any CPU
		{A4ACE4DA-8447-48AE-96E7-C375AB4098FC}.Release|Any CPU.Build.0 = Release|Any CPU
	EndGlobalSection
	GlobalSection(SolutionProperties) = preSolution
		HideSolutionNode = FALSE
	EndGlobalSection
	GlobalSection(ExtensibilityGlobals) = postSolution
		SolutionGuid = {D1FEB132-6743-4BCB-9799-C5E59101A9C9}
	EndGlobalSection
EndGlobal
